
Microsoft Visual Studio Solution File, Format Version 12.00
# Visual Studio Version 16
VisualStudioVersion = 16.0.31321.278
MinimumVisualStudioVersion = 10.0.40219.1
Project("{FAE04EC0-301F-11D3-BF4B-00C04F79EFBC}") = "Cryptography_project_MA", "Cryptography_project_MA.csproj", "{89064A64-C531-4517-8B54-1E40BDDFBE87}"
EndProject
Global
	GlobalSection(SolutionConfigurationPlatforms) = preSolution
		Debug|Any CPU = Debug|Any CPU
		Release|Any CPU = Release|Any CPU
	EndGlobalSection
	GlobalSection(ProjectConfigurationPlatforms) = postSolution
		{89064A64-C531-4517-8B54-1E40BDDFBE87}.Debug|Any CPU.ActiveCfg = Debug|Any CPU
		{89064A64-C531-4517-8B54-1E40BDDFBE87}.Debug|Any CPU.Build.0 = Debug|Any CPU
		{89064A64-C531-4517-8B54-1E40BDDFBE87}.Release|Any CPU.ActiveCfg = Release|Any CPU
		{89064A64-C531-4517-8B54-1E40BDDFBE87}.Release|Any CPU.Build.0 = Release|Any CPU
	EndGlobalSection
	GlobalSection(SolutionProperties) = preSolution
		HideSolutionNode = FALSE
	EndGlobalSection
	GlobalSection(ExtensibilityGlobals) = postSolution
		SolutionGuid = {BDF19C38-AEFC-4B2D-8A0A-AA62A7B7029F}
	EndGlobalSection
EndGlobal
